// !$*UTF8*$!
{
	archiveVersion = 1;
	classes = {
	};
	objectVersion = 56;
	objects = {

/* Begin PBXBuildFile section */
		1A1A1A1A1A1A1A1A /* SimpleNaviApp.swift in Sources */ = {isa = PBXBuildFile; fileRef = 1A1A1A191A1A1A19 /* SimpleNaviApp.swift */; };
		1A1A1A1C1A1A1A1C /* ContentView.swift in Sources */ = {isa = PBXBuildFile; fileRef = 1A1A1A1B1A1A1A1B /* ContentView.swift */; };
		1A1A1A1E1A1A1A1E /* Assets.xcassets in Resources */ = {isa = PBXBuildFile; fileRef = 1A1A1A1D1A1A1A1D /* Assets.xcassets */; };
		1A1A1A211A1A1A21 /* Preview Assets.xcassets in Resources */ = {isa = PBXBuildFile; fileRef = 1A1A1A201A1A1A20 /* Preview Assets.xcassets */; };
		1A1A1A281A1A1A28 /* SetupView.swift in Sources */ = {isa = PBXBuildFile; fileRef = 1A1A1A271A1A1A27 /* SetupView.swift */; };
		1A1A1A2A1A1A1A2A /* CompassView.swift in Sources */ = {isa = PBXBuildFile; fileRef = 1A1A1A291A1A1A29 /* CompassView.swift */; };
		1A1A1A2C1A1A1A2C /* GeocodingService.swift in Sources */ = {isa = PBXBuildFile; fileRef = 1A1A1A2B1A1A1A2B /* GeocodingService.swift */; };
		1A1A1A2E1A1A1A2E /* JapaneseAddressManager.swift in Sources */ = {isa = PBXBuildFile; fileRef = 1A1A1A2D1A1A1A2D /* JapaneseAddressManager.swift */; };
		1A1A1A301A1A1A30 /* AddressMapConfirmView.swift in Sources */ = {isa = PBXBuildFile; fileRef = 1A1A1A2F1A1A1A2F /* AddressMapConfirmView.swift */; };
		1A1A1A321A1A1A32 /* SetupViewSimple.swift in Sources */ = {isa = PBXBuildFile; fileRef = 1A1A1A311A1A1A31 /* SetupViewSimple.swift */; };
		1A1A1A341A1A1A34 /* LocalizationManager.swift in Sources */ = {isa = PBXBuildFile; fileRef = 1A1A1A331A1A1A35 /* LocalizationManager.swift */; };
		1A1A1A361A1A1A36 /* LanguageSelectionView.swift in Sources */ = {isa = PBXBuildFile; fileRef = 1A1A1A351A1A1A37 /* LanguageSelectionView.swift */; };
		1A1A1A381A1A1A38 /* DonationView.swift in Sources */ = {isa = PBXBuildFile; fileRef = 1A1A1A371A1A1A39 /* DonationView.swift */; };
		1A1A1A3A1A1A1A3A /* Coordinates.swift in Sources */ = {isa = PBXBuildFile; fileRef = 1A1A1A3B1A1A1A3B /* Coordinates.swift */; };
		1A1A1A3C1A1A1A3C /* UserDefaultsKeys.swift in Sources */ = {isa = PBXBuildFile; fileRef = 1A1A1A3D1A1A1A3D /* UserDefaultsKeys.swift */; };
/* End PBXBuildFile section */

/* Begin PBXFileReference section */
		1A1A1A161A1A1A16 /* SimpleNavi.app */ = {isa = PBXFileReference; explicitFileType = wrapper.application; includeInIndex = 0; path = SimpleNavi.app; sourceTree = BUILT_PRODUCTS_DIR; };
		1A1A1A191A1A1A19 /* SimpleNaviApp.swift */ = {isa = PBXFileReference; lastKnownFileType = sourcecode.swift; path = SimpleNaviApp.swift; sourceTree = "<group>"; };
		1A1A1A1B1A1A1A1B /* ContentView.swift */ = {isa = PBXFileReference; lastKnownFileType = sourcecode.swift; path = ContentView.swift; sourceTree = "<group>"; };
		1A1A1A1D1A1A1A1D /* Assets.xcassets */ = {isa = PBXFileReference; lastKnownFileType = folder.assetcatalog; path = Assets.xcassets; sourceTree = "<group>"; };
		1A1A1A201A1A1A20 /* Preview Assets.xcassets */ = {isa = PBXFileReference; lastKnownFileType = folder.assetcatalog; path = "Preview Assets.xcassets"; sourceTree = "<group>"; };
		1A1A1A271A1A1A27 /* SetupView.swift */ = {isa = PBXFileReference; lastKnownFileType = sourcecode.swift; path = SetupView.swift; sourceTree = "<group>"; };
		1A1A1A291A1A1A29 /* CompassView.swift */ = {isa = PBXFileReference; lastKnownFileType = sourcecode.swift; path = CompassView.swift; sourceTree = "<group>"; };
		1A1A1A2B1A1A1A2B /* GeocodingService.swift */ = {isa = PBXFileReference; lastKnownFileType = sourcecode.swift; path = GeocodingService.swift; sourceTree = "<group>"; };
		1A1A1A2D1A1A1A2D /* JapaneseAddressManager.swift */ = {isa = PBXFileReference; lastKnownFileType = sourcecode.swift; path = JapaneseAddressManager.swift; sourceTree = "<group>"; };
		1A1A1A2F1A1A1A2F /* AddressMapConfirmView.swift */ = {isa = PBXFileReference; lastKnownFileType = sourcecode.swift; path = AddressMapConfirmView.swift; sourceTree = "<group>"; };
		1A1A1A311A1A1A31 /* SetupViewSimple.swift */ = {isa = PBXFileReference; lastKnownFileType = sourcecode.swift; path = SetupViewSimple.swift; sourceTree = "<group>"; };
		1A1A1A331A1A1A33 /* Info.plist */ = {isa = PBXFileReference; lastKnownFileType = text.plist.xml; path = Info.plist; sourceTree = "<group>"; };
		1A1A1A331A1A1A35 /* LocalizationManager.swift */ = {isa = PBXFileReference; lastKnownFileType = sourcecode.swift; path = LocalizationManager.swift; sourceTree = "<group>"; };
		1A1A1A351A1A1A37 /* LanguageSelectionView.swift */ = {isa = PBXFileReference; lastKnownFileType = sourcecode.swift; path = LanguageSelectionView.swift; sourceTree = "<group>"; };
		1A1A1A371A1A1A39 /* DonationView.swift */ = {isa = PBXFileReference; lastKnownFileType = sourcecode.swift; path = DonationView.swift; sourceTree = "<group>"; };
		1A1A1A3B1A1A1A3B /* Coordinates.swift */ = {isa = PBXFileReference; lastKnownFileType = sourcecode.swift; path = Coordinates.swift; sourceTree = "<group>"; };
		1A1A1A3D1A1A1A3D /* UserDefaultsKeys.swift */ = {isa = PBXFileReference; lastKnownFileType = sourcecode.swift; path = UserDefaultsKeys.swift; sourceTree = "<group>"; };
/* End PBXFileReference section */

/* Begin PBXFrameworksBuildPhase section */
		1A1A1A131A1A1A13 /* Frameworks */ = {
			isa = PBXFrameworksBuildPhase;
			buildActionMask = 2147483647;
			files = (
			);
			runOnlyForDeploymentPostprocessing = 0;
		};
/* End PBXFrameworksBuildPhase section */

/* Begin PBXGroup section */
		1A1A1A0D1A1A1A0D = {
			isa = PBXGroup;
			children = (
				1A1A1A181A1A1A18 /* SimpleNavi */,
				1A1A1A171A1A1A17 /* Products */,
			);
			sourceTree = "<group>";
		};
		1A1A1A171A1A1A17 /* Products */ = {
			isa = PBXGroup;
			children = (
				1A1A1A161A1A1A16 /* SimpleNavi.app */,
			);
			name = Products;
			sourceTree = "<group>";
		};
		1A1A1A181A1A1A18 /* SimpleNavi */ = {
			isa = PBXGroup;
			children = (
				1A1A1A331A1A1A33 /* Info.plist */,
				1A1A1A191A1A1A19 /* SimpleNaviApp.swift */,
				1A1A1A1B1A1A1A1B /* ContentView.swift */,
				1A1A1A271A1A1A27 /* SetupView.swift */,
				1A1A1A311A1A1A31 /* SetupViewSimple.swift */,
				1A1A1A291A1A1A29 /* CompassView.swift */,
				1A1A1A2B1A1A1A2B /* GeocodingService.swift */,
				1A1A1A2D1A1A1A2D /* JapaneseAddressManager.swift */,
				1A1A1A2F1A1A1A2F /* AddressMapConfirmView.swift */,
				1A1A1A331A1A1A35 /* LocalizationManager.swift */,
				1A1A1A351A1A1A37 /* LanguageSelectionView.swift */,
				1A1A1A371A1A1A39 /* DonationView.swift */,
				1A1A1A3B1A1A1A3B /* Coordinates.swift */,
				1A1A1A3D1A1A1A3D /* UserDefaultsKeys.swift */,
				1A1A1A1D1A1A1A1D /* Assets.xcassets */,
				1A1A1A1F1A1A1A1F /* Preview Content */,
			);
			path = SimpleNavi;
			sourceTree = "<group>";
		};
		1A1A1A1F1A1A1A1F /* Preview Content */ = {
			isa = PBXGroup;
			children = (
				1A1A1A201A1A1A20 /* Preview Assets.xcassets */,
			);
			path = "Preview Content";
			sourceTree = "<group>";
		};
/* End PBXGroup section */

/* Begin PBXNativeTarget section */
		1A1A1A151A1A1A15 /* SimpleNavi */ = {
			isa = PBXNativeTarget;
			buildConfigurationList = 1A1A1A241A1A1A24 /* Build configuration list for PBXNativeTarget "SimpleNavi" */;
			buildPhases = (
				1A1A1A121A1A1A12 /* Sources */,
				1A1A1A131A1A1A13 /* Frameworks */,
				1A1A1A141A1A1A14 /* Resources */,
			);
			buildRules = (
			);
			dependencies = (
			);
			name = SimpleNavi;
			productName = SimpleNavi;
			productReference = 1A1A1A161A1A1A16 /* SimpleNavi.app */;
			productType = "com.apple.product-type.application";
		};
/* End PBXNativeTarget section */

/* Begin PBXProject section */
		1A1A1A0E1A1A1A0E /* Project object */ = {
			isa = PBXProject;
			attributes = {
				BuildIndependentTargetsInParallel = 1;
				LastSwiftUpdateCheck = 1540;
				LastUpgradeCheck = 1540;
				TargetAttributes = {
					1A1A1A151A1A1A15 = {
						CreatedOnToolsVersion = 15.4;
					};
				};
			};
			buildConfigurationList = 1A1A1A111A1A1A11 /* Build configuration list for PBXProject "SimpleNavi" */;
			compatibilityVersion = "Xcode 14.0";
			developmentRegion = en;
			hasScannedForEncodings = 0;
			knownRegions = (
				en,
				Base,
			);
			mainGroup = 1A1A1A0D1A1A1A0D;
			productRefGroup = 1A1A1A171A1A1A17 /* Products */;
			projectDirPath = "";
			projectRoot = "";
			targets = (
				1A1A1A151A1A1A15 /* SimpleNavi */,
			);
		};
/* End PBXProject section */

/* Begin PBXResourcesBuildPhase section */
		1A1A1A141A1A1A14 /* Resources */ = {
			isa = PBXResourcesBuildPhase;
			buildActionMask = 2147483647;
			files = (
				1A1A1A211A1A1A21 /* Preview Assets.xcassets in Resources */,
				1A1A1A1E1A1A1A1E /* Assets.xcassets in Resources */,
			);
			runOnlyForDeploymentPostprocessing = 0;
		};
/* End PBXResourcesBuildPhase section */

/* Begin PBXSourcesBuildPhase section */
		1A1A1A121A1A1A12 /* Sources */ = {
			isa = PBXSourcesBuildPhase;
			buildActionMask = 2147483647;
			files = (
				1A1A1A1C1A1A1A1C /* ContentView.swift in Sources */,
				1A1A1A281A1A1A28 /* SetupView.swift in Sources */,
				1A1A1A3A1A1A1A3A /* Coordinates.swift in Sources */,
				1A1A1A3C1A1A1A3C /* UserDefaultsKeys.swift in Sources */,
				1A1A1A2A1A1A1A2A /* CompassView.swift in Sources */,
				1A1A1A2C1A1A1A2C /* GeocodingService.swift in Sources */,
				1A1A1A2E1A1A1A2E /* JapaneseAddressManager.swift in Sources */,
				1A1A1A301A1A1A30 /* AddressMapConfirmView.swift in Sources */,
				1A1A1A321A1A1A32 /* SetupViewSimple.swift in Sources */,
				1A1A1A341A1A1A34 /* LocalizationManager.swift in Sources */,
				1A1A1A361A1A1A36 /* LanguageSelectionView.swift in Sources */,
				1A1A1A381A1A1A38 /* DonationView.swift in Sources */,
				1A1A1A1A1A1A1A1A /* SimpleNaviApp.swift in Sources */,
			);
			runOnlyForDeploymentPostprocessing = 0;
		};
/* End PBXSourcesBuildPhase section */

/* Begin XCBuildConfiguration section */
		1A1A1A221A1A1A22 /* Debug */ = {
			isa = XCBuildConfiguration;
			buildSettings = {
				ALWAYS_SEARCH_USER_PATHS = NO;
				ASSETCATALOG_COMPILER_GENERATE_SWIFT_ASSET_SYMBOL_EXTENSIONS = YES;
				CLANG_ANALYZER_NONNULL = YES;
				CLANG_ANALYZER_NUMBER_OBJECT_CONVERSION = YES_AGGRESSIVE;
				CLANG_CXX_LANGUAGE_STANDARD = "gnu++20";
				CLANG_ENABLE_MODULES = YES;
				CLANG_ENABLE_OBJC_ARC = YES;
				CLANG_ENABLE_OBJC_WEAK = YES;
				CLANG_WARN_BLOCK_CAPTURE_AUTORELEASING = YES;
				CLANG_WARN_BOOL_CONVERSION = YES;
				CLANG_WARN_COMMA = YES;
				CLANG_WARN_CONSTANT_CONVERSION = YES;
				CLANG_WARN_DEPRECATED_OBJC_IMPLEMENTATIONS = YES;
				CLANG_WARN_DIRECT_OBJC_ISA_USAGE = YES_ERROR;
				CLANG_WARN_DOCUMENTATION_COMMENTS = YES;
				CLANG_WARN_EMPTY_BODY = YES;
				CLANG_WARN_ENUM_CONVERSION = YES;
				CLANG_WARN_INFINITE_RECURSION = YES;
				CLANG_WARN_INT_CONVERSION = YES;
				CLANG_WARN_NON_LITERAL_NULL_CONVERSION = YES;
				CLANG_WARN_OBJC_IMPLICIT_RETAIN_SELF = YES;
				CLANG_WARN_OBJC_LITERAL_CONVERSION = YES;
				CLANG_WARN_OBJC_ROOT_CLASS = YES_ERROR;
				CLANG_WARN_QUOTED_INCLUDE_IN_FRAMEWORK_HEADER = YES;
				CLANG_WARN_RANGE_LOOP_ANALYSIS = YES;
				CLANG_WARN_STRICT_PROTOTYPES = YES;
				CLANG_WARN_SUSPICIOUS_MOVE = YES;
				CLANG_WARN_UNGUARDED_AVAILABILITY = YES_AGGRESSIVE;
				CLANG_WARN_UNREACHABLE_CODE = YES;
				CLANG_WARN__DUPLICATE_METHOD_MATCH = YES;
				COPY_PHASE_STRIP = NO;
				DEBUG_INFORMATION_FORMAT = dwarf;
				ENABLE_STRICT_OBJC_MSGSEND = YES;
				ENABLE_TESTABILITY = YES;
				ENABLE_USER_SCRIPT_SANDBOXING = YES;
				GCC_C_LANGUAGE_STANDARD = gnu17;
				GCC_DYNAMIC_NO_PIC = NO;
				GCC_NO_COMMON_BLOCKS = YES;
				GCC_OPTIMIZATION_LEVEL = 0;
				GCC_PREPROCESSOR_DEFINITIONS = (
					"DEBUG=1",
					"$(inherited)",
				);
				GCC_WARN_64_TO_32_BIT_CONVERSION = YES;
				GCC_WARN_ABOUT_RETURN_TYPE = YES_ERROR;
				GCC_WARN_UNDECLARED_SELECTOR = YES;
				GCC_WARN_UNINITIALIZED_AUTOS = YES_AGGRESSIVE;
				GCC_WARN_UNUSED_FUNCTION = YES;
				GCC_WARN_UNUSED_VARIABLE = YES;
				IPHONEOS_DEPLOYMENT_TARGET = 17.5;
				LOCALIZATION_PREFERS_STRING_CATALOGS = YES;
				MTL_ENABLE_DEBUG_INFO = INCLUDE_SOURCE;
				MTL_FAST_MATH = YES;
				ONLY_ACTIVE_ARCH = YES;
				SDKROOT = iphoneos;
				SWIFT_ACTIVE_COMPILATION_CONDITIONS = "DEBUG $(inherited)";
				SWIFT_OPTIMIZATION_LEVEL = "-Onone";
			};
			name = Debug;
		};
		1A1A1A231A1A1A23 /* Release */ = {
			isa = XCBuildConfiguration;
			buildSettings = {
				ALWAYS_SEARCH_USER_PATHS = NO;
				ASSETCATALOG_COMPILER_GENERATE_SWIFT_ASSET_SYMBOL_EXTENSIONS = YES;
				CLANG_ANALYZER_NONNULL = YES;
				CLANG_ANALYZER_NUMBER_OBJECT_CONVERSION = YES_AGGRESSIVE;
				CLANG_CXX_LANGUAGE_STANDARD = "gnu++20";
				CLANG_ENABLE_MODULES = YES;
				CLANG_ENABLE_OBJC_ARC = YES;
				CLANG_ENABLE_OBJC_WEAK = YES;
				CLANG_WARN_BLOCK_CAPTURE_AUTORELEASING = YES;
				CLANG_WARN_BOOL_CONVERSION = YES;
				CLANG_WARN_COMMA = YES;
				CLANG_WARN_CONSTANT_CONVERSION = YES;
				CLANG_WARN_DEPRECATED_OBJC_IMPLEMENTATIONS = YES;
				CLANG_WARN_DIRECT_OBJC_ISA_USAGE = YES_ERROR;
				CLANG_WARN_DOCUMENTATION_COMMENTS = YES;
				CLANG_WARN_EMPTY_BODY = YES;
				CLANG_WARN_ENUM_CONVERSION = YES;
				CLANG_WARN_INFINITE_RECURSION = YES;
				CLANG_WARN_INT_CONVERSION = YES;
				CLANG_WARN_NON_LITERAL_NULL_CONVERSION = YES;
				CLANG_WARN_OBJC_IMPLICIT_RETAIN_SELF = YES;
				CLANG_WARN_OBJC_LITERAL_CONVERSION = YES;
				CLANG_WARN_OBJC_ROOT_CLASS = YES_ERROR;
				CLANG_WARN_QUOTED_INCLUDE_IN_FRAMEWORK_HEADER = YES;
				CLANG_WARN_RANGE_LOOP_ANALYSIS = YES;
				CLANG_WARN_STRICT_PROTOTYPES = YES;
				CLANG_WARN_SUSPICIOUS_MOVE = YES;
				CLANG_WARN_UNGUARDED_AVAILABILITY = YES_AGGRESSIVE;
				CLANG_WARN_UNREACHABLE_CODE = YES;
				CLANG_WARN__DUPLICATE_METHOD_MATCH = YES;
				COPY_PHASE_STRIP = NO;
				DEBUG_INFORMATION_FORMAT = "dwarf-with-dsym";
				ENABLE_NS_ASSERTIONS = NO;
				ENABLE_STRICT_OBJC_MSGSEND = YES;
				ENABLE_USER_SCRIPT_SANDBOXING = YES;
				GCC_C_LANGUAGE_STANDARD = gnu17;
				GCC_NO_COMMON_BLOCKS = YES;
				GCC_WARN_64_TO_32_BIT_CONVERSION = YES;
				GCC_WARN_ABOUT_RETURN_TYPE = YES_ERROR;
				GCC_WARN_UNDECLARED_SELECTOR = YES;
				GCC_WARN_UNINITIALIZED_AUTOS = YES_AGGRESSIVE;
				GCC_WARN_UNUSED_FUNCTION = YES;
				GCC_WARN_UNUSED_VARIABLE = YES;
				IPHONEOS_DEPLOYMENT_TARGET = 17.5;
				LOCALIZATION_PREFERS_STRING_CATALOGS = YES;
				MTL_ENABLE_DEBUG_INFO = NO;
				MTL_FAST_MATH = YES;
				SDKROOT = iphoneos;
				SWIFT_COMPILATION_MODE = wholemodule;
				VALIDATE_PRODUCT = YES;
			};
			name = Release;
		};
		1A1A1A251A1A1A25 /* Debug */ = {
			isa = XCBuildConfiguration;
			buildSettings = {
				ASSETCATALOG_COMPILER_APPICON_NAME = AppIcon;
				ASSETCATALOG_COMPILER_GLOBAL_ACCENT_COLOR_NAME = AccentColor;
				CODE_SIGN_STYLE = Automatic;
				CURRENT_PROJECT_VERSION = 2;
				DEVELOPMENT_ASSET_PATHS = "\"SimpleNavi/Preview Content\"";
				DEVELOPMENT_TEAM = K2ZG73WM9X;
				ENABLE_PREVIEWS = YES;
				GENERATE_INFOPLIST_FILE = YES;
				INFOPLIST_FILE = SimpleNavi/Info.plist;
				INFOPLIST_KEY_CFBundleDisplayName = "简单导航";
				INFOPLIST_KEY_LSApplicationCategoryType = "public.app-category.navigation";
				INFOPLIST_KEY_NSLocationAlwaysAndWhenInUseUsageDescription = "简单导航需要获取您的位置来显示回家的方向和距离";
				INFOPLIST_KEY_NSLocationWhenInUseUsageDescription = "简单导航需要获取您的位置来显示回家的方向和距离";
				INFOPLIST_KEY_UIApplicationSceneManifest_Generation = YES;
				INFOPLIST_KEY_UIApplicationSupportsIndirectInputEvents = YES;
				INFOPLIST_KEY_UISupportedInterfaceOrientations = UIInterfaceOrientationPortrait;
				INFOPLIST_KEY_UISupportedInterfaceOrientations_iPad = "UIInterfaceOrientationPortrait UIInterfaceOrientationPortraitUpsideDown UIInterfaceOrientationLandscapeLeft UIInterfaceOrientationLandscapeRight";
				INFOPLIST_KEY_UISupportedInterfaceOrientations_iPhone = "UIInterfaceOrientationPortrait UIInterfaceOrientationLandscapeLeft UIInterfaceOrientationLandscapeRight";
				LD_RUNPATH_SEARCH_PATHS = (
					"$(inherited)",
					"@executable_path/Frameworks",
				);
				MARKETING_VERSION = 1.1;
				PRODUCT_BUNDLE_IDENTIFIER = com.simplenavi.simplenavi;
				PRODUCT_NAME = "$(TARGET_NAME)";
				SWIFT_EMIT_LOC_STRINGS = YES;
				SWIFT_VERSION = 5.0;
				TARGETED_DEVICE_FAMILY = 1;
			};
			name = Debug;
		};
		1A1A1A261A1A1A26 /* Release */ = {
			isa = XCBuildConfiguration;
			buildSettings = {
				ASSETCATALOG_COMPILER_APPICON_NAME = AppIcon;
				ASSETCATALOG_COMPILER_GLOBAL_ACCENT_COLOR_NAME = AccentColor;
				CODE_SIGN_STYLE = Automatic;
				CURRENT_PROJECT_VERSION = 1;
				DEVELOPMENT_ASSET_PATHS = "\"SimpleNavi/Preview Content\"";
				DEVELOPMENT_TEAM = K2ZG73WM9X;
				ENABLE_PREVIEWS = YES;
				GENERATE_INFOPLIST_FILE = YES;
				INFOPLIST_FILE = SimpleNavi/Info.plist;
				INFOPLIST_KEY_CFBundleDisplayName = "简单导航";
				INFOPLIST_KEY_LSApplicationCategoryType = "public.app-category.navigation";
				INFOPLIST_KEY_NSLocationAlwaysAndWhenInUseUsageDescription = "简单导航需要获取您的位置来显示回家的方向和距离";
				INFOPLIST_KEY_NSLocationWhenInUseUsageDescription = "简单导航需要获取您的位置来显示回家的方向和距离";
				INFOPLIST_KEY_UIApplicationSceneManifest_Generation = YES;
				INFOPLIST_KEY_UIApplicationSupportsIndirectInputEvents = YES;
				INFOPLIST_KEY_UISupportedInterfaceOrientations = UIInterfaceOrientationPortrait;
				INFOPLIST_KEY_UISupportedInterfaceOrientations_iPad = "UIInterfaceOrientationPortrait UIInterfaceOrientationPortraitUpsideDown UIInterfaceOrientationLandscapeLeft UIInterfaceOrientationLandscapeRight";
				INFOPLIST_KEY_UISupportedInterfaceOrientations_iPhone = "UIInterfaceOrientationPortrait UIInterfaceOrientationLandscapeLeft UIInterfaceOrientationLandscapeRight";
				LD_RUNPATH_SEARCH_PATHS = (
					"$(inherited)",
					"@executable_path/Frameworks",
				);
				MARKETING_VERSION = 1.1;
				PRODUCT_BUNDLE_IDENTIFIER = com.simplenavi.simplenavi;
				PRODUCT_NAME = "$(TARGET_NAME)";
				SWIFT_EMIT_LOC_STRINGS = YES;
				SWIFT_VERSION = 5.0;
				TARGETED_DEVICE_FAMILY = 1;
			};
			name = Release;
		};
/* End XCBuildConfiguration section */

/* Begin XCConfigurationList section */
		1A1A1A111A1A1A11 /* Build configuration list for PBXProject "SimpleNavi" */ = {
			isa = XCConfigurationList;
			buildConfigurations = (
				1A1A1A221A1A1A22 /* Debug */,
				1A1A1A231A1A1A23 /* Release */,
			);
			defaultConfigurationIsVisible = 0;
			defaultConfigurationName = Release;
		};
		1A1A1A241A1A1A24 /* Build configuration list for PBXNativeTarget "SimpleNavi" */ = {
			isa = XCConfigurationList;
			buildConfigurations = (
				1A1A1A251A1A1A25 /* Debug */,
				1A1A1A261A1A1A26 /* Release */,
			);
			defaultConfigurationIsVisible = 0;
			defaultConfigurationName = Release;
		};
/* End XCConfigurationList section */
	};
	rootObject = 1A1A1A0E1A1A1A0E /* Project object */;
}
