// !$*UTF8*$!
{
	archiveVersion = 1;
	classes = {
	};
	objectVersion = 70;
	objects = {

/* Begin PBXBuildFile section */
		1A1A1A1A1A1A1A1A /* SimpleNaviApp.swift in Sources */ = {isa = PBXBuildFile; fileRef = 1A1A1A191A1A1A19 /* SimpleNaviApp.swift */; };
		1A1A1A1C1A1A1A1C /* ContentView.swift in Sources */ = {isa = PBXBuildFile; fileRef = 1A1A1A1B1A1A1A1B /* ContentView.swift */; };
		1A1A1A1E1A1A1A1E /* Assets.xcassets in Resources */ = {isa = PBXBuildFile; fileRef = 1A1A1A1D1A1A1A1D /* Assets.xcassets */; };
		1A1A1A211A1A1A21 /* Preview Assets.xcassets in Resources */ = {isa = PBXBuildFile; fileRef = 1A1A1A201A1A1A20 /* Preview Assets.xcassets */; };
		1A1A1A281A1A1A28 /* SetupView.swift in Sources */ = {isa = PBXBuildFile; fileRef = 1A1A1A271A1A1A27 /* SetupView.swift */; };
		1A1A1A2A1A1A1A2A /* CompassView.swift in Sources */ = {isa = PBXBuildFile; fileRef = 1A1A1A291A1A1A29 /* CompassView.swift */; };
		1A1A1A2C1A1A1A2C /* GeocodingService.swift in Sources */ = {isa = PBXBuildFile; fileRef = 1A1A1A2B1A1A1A2B /* GeocodingService.swift */; };
		1A1A1A2E1A1A1A2E /* JapaneseAddressManager.swift in Sources */ = {isa = PBXBuildFile; fileRef = 1A1A1A2D1A1A1A2D /* JapaneseAddressManager.swift */; };
		1A1A1A301A1A1A30 /* AddressMapConfirmView.swift in Sources */ = {isa = PBXBuildFile; fileRef = 1A1A1A2F1A1A1A2F /* AddressMapConfirmView.swift */; };
		1A1A1A321A1A1A32 /* SetupViewSimple.swift in Sources */ = {isa = PBXBuildFile; fileRef = 1A1A1A311A1A1A31 /* SetupViewSimple.swift */; };
		1A1A1A341A1A1A34 /* LocalizationManager.swift in Sources */ = {isa = PBXBuildFile; fileRef = 1A1A1A331A1A1A35 /* LocalizationManager.swift */; };
		1A1A1A361A1A1A36 /* LanguageSelectionView.swift in Sources */ = {isa = PBXBuildFile; fileRef = 1A1A1A351A1A1A37 /* LanguageSelectionView.swift */; };
		1A1A1A381A1A1A38 /* DonationView.swift in Sources */ = {isa = PBXBuildFile; fileRef = 1A1A1A371A1A1A39 /* DonationView.swift */; };
		1A1A1A3A1A1A1A3A /* Coordinates.swift in Sources */ = {isa = PBXBuildFile; fileRef = 1A1A1A3B1A1A1A3B /* Coordinates.swift */; };
		1A1A1A3C1A1A1A3C /* UserDefaultsKeys.swift in Sources */ = {isa = PBXBuildFile; fileRef = 1A1A1A3D1A1A1A3D /* UserDefaultsKeys.swift */; };
		1A1A1A401A1A1A40 /* SecureStorage.swift in Sources */ = {isa = PBXBuildFile; fileRef = 1A1A1A3E1A1A1A3E /* SecureStorage.swift */; };
		1A1A1A641A1A1A64 /* SimpleNaviTests.swift in Sources */ = {isa = PBXBuildFile; fileRef = 1A1A1A631A1A1A63 /* SimpleNaviTests.swift */; };
		1E30B2A300000000000000B1 /* SharedDataStore.swift in Sources */ = {isa = PBXBuildFile; fileRef = 1E30B2A000000000000000A1 /* SharedDataStore.swift */; };
		1E30B2A32E8FE0BE00F0F209 /* WidgetKit.framework in Frameworks */ = {isa = PBXBuildFile; fileRef = 1E30B2A22E8FE0BE00F0F209 /* WidgetKit.framework */; };
		1E30B2A400000000000000B2 /* LiveActivityModels.swift in Sources */ = {isa = PBXBuildFile; fileRef = 1E30B2A100000000000000A2 /* LiveActivityModels.swift */; };
		1E30B2A500000000000000B3 /* LiveActivityManager.swift in Sources */ = {isa = PBXBuildFile; fileRef = 1E30B2A200000000000000A3 /* LiveActivityManager.swift */; };
		1E30B2A52E8FE0BE00F0F209 /* SwiftUI.framework in Frameworks */ = {isa = PBXBuildFile; fileRef = 1E30B2A42E8FE0BE00F0F209 /* SwiftUI.framework */; };
		1E30B2B62E8FE0BF00F0F209 /* SimpleNaviWidgetsExtension.appex in Embed Foundation Extensions */ = {isa = PBXBuildFile; fileRef = 1E30B2A02E8FE0BE00F0F209 /* SimpleNaviWidgetsExtension.appex */; settings = {ATTRIBUTES = (RemoveHeadersOnCopy, ); }; };
		1E30B2CB2E8FE28000F0F209 /* LiveActivityModels.swift in Sources */ = {isa = PBXBuildFile; fileRef = 1E30B2A100000000000000A2 /* LiveActivityModels.swift */; };
		1E30B2CC2E8FE29700F0F209 /* LiveActivityManager.swift in Sources */ = {isa = PBXBuildFile; fileRef = 1E30B2A200000000000000A3 /* LiveActivityManager.swift */; };
/* End PBXBuildFile section */

/* Begin PBXContainerItemProxy section */
		1A1A1A691A1A1A69 /* PBXContainerItemProxy */ = {
			isa = PBXContainerItemProxy;
			containerPortal = 1A1A1A0E1A1A1A0E /* Project object */;
			proxyType = 1;
			remoteGlobalIDString = 1A1A1A151A1A1A15;
			remoteInfo = SimpleNavi;
		};
		1E30B2B42E8FE0BF00F0F209 /* PBXContainerItemProxy */ = {
			isa = PBXContainerItemProxy;
			containerPortal = 1A1A1A0E1A1A1A0E /* Project object */;
			proxyType = 1;
			remoteGlobalIDString = 1E30B29F2E8FE0BE00F0F209;
			remoteInfo = SimpleNaviWidgetsExtension;
		};
/* End PBXContainerItemProxy section */

/* Begin PBXCopyFilesBuildPhase section */
		1E30B2B72E8FE0BF00F0F209 /* Embed Foundation Extensions */ = {
			isa = PBXCopyFilesBuildPhase;
			buildActionMask = 2147483647;
			dstPath = "";
			dstSubfolderSpec = 13;
			files = (
				1E30B2B62E8FE0BF00F0F209 /* SimpleNaviWidgetsExtension.appex in Embed Foundation Extensions */,
			);
			name = "Embed Foundation Extensions";
			runOnlyForDeploymentPostprocessing = 0;
		};
/* End PBXCopyFilesBuildPhase section */

/* Begin PBXFileReference section */
		1A1A1A161A1A1A16 /* SimpleNavi.app */ = {isa = PBXFileReference; explicitFileType = wrapper.application; includeInIndex = 0; path = SimpleNavi.app; sourceTree = BUILT_PRODUCTS_DIR; };
		1A1A1A191A1A1A19 /* SimpleNaviApp.swift */ = {isa = PBXFileReference; lastKnownFileType = sourcecode.swift; path = SimpleNaviApp.swift; sourceTree = "<group>"; };
		1A1A1A1B1A1A1A1B /* ContentView.swift */ = {isa = PBXFileReference; lastKnownFileType = sourcecode.swift; path = ContentView.swift; sourceTree = "<group>"; };
		1A1A1A1D1A1A1A1D /* Assets.xcassets */ = {isa = PBXFileReference; lastKnownFileType = folder.assetcatalog; path = Assets.xcassets; sourceTree = "<group>"; };
		1A1A1A201A1A1A20 /* Preview Assets.xcassets */ = {isa = PBXFileReference; lastKnownFileType = folder.assetcatalog; path = "Preview Assets.xcassets"; sourceTree = "<group>"; };
		1A1A1A271A1A1A27 /* SetupView.swift */ = {isa = PBXFileReference; lastKnownFileType = sourcecode.swift; path = SetupView.swift; sourceTree = "<group>"; };
		1A1A1A291A1A1A29 /* CompassView.swift */ = {isa = PBXFileReference; lastKnownFileType = sourcecode.swift; path = CompassView.swift; sourceTree = "<group>"; };
		1A1A1A2B1A1A1A2B /* GeocodingService.swift */ = {isa = PBXFileReference; lastKnownFileType = sourcecode.swift; path = GeocodingService.swift; sourceTree = "<group>"; };
		1A1A1A2D1A1A1A2D /* JapaneseAddressManager.swift */ = {isa = PBXFileReference; lastKnownFileType = sourcecode.swift; path = JapaneseAddressManager.swift; sourceTree = "<group>"; };
		1A1A1A2F1A1A1A2F /* AddressMapConfirmView.swift */ = {isa = PBXFileReference; lastKnownFileType = sourcecode.swift; path = AddressMapConfirmView.swift; sourceTree = "<group>"; };
		1A1A1A311A1A1A31 /* SetupViewSimple.swift */ = {isa = PBXFileReference; lastKnownFileType = sourcecode.swift; path = SetupViewSimple.swift; sourceTree = "<group>"; };
		1A1A1A331A1A1A33 /* Info.plist */ = {isa = PBXFileReference; lastKnownFileType = text.plist.xml; path = Info.plist; sourceTree = "<group>"; };
		1A1A1A331A1A1A35 /* LocalizationManager.swift */ = {isa = PBXFileReference; lastKnownFileType = sourcecode.swift; path = LocalizationManager.swift; sourceTree = "<group>"; };
		1A1A1A351A1A1A37 /* LanguageSelectionView.swift */ = {isa = PBXFileReference; lastKnownFileType = sourcecode.swift; path = LanguageSelectionView.swift; sourceTree = "<group>"; };
		1A1A1A371A1A1A39 /* DonationView.swift */ = {isa = PBXFileReference; lastKnownFileType = sourcecode.swift; path = DonationView.swift; sourceTree = "<group>"; };
		1A1A1A3B1A1A1A3B /* Coordinates.swift */ = {isa = PBXFileReference; lastKnownFileType = sourcecode.swift; path = Coordinates.swift; sourceTree = "<group>"; };
		1A1A1A3D1A1A1A3D /* UserDefaultsKeys.swift */ = {isa = PBXFileReference; lastKnownFileType = sourcecode.swift; path = UserDefaultsKeys.swift; sourceTree = "<group>"; };
		1A1A1A3E1A1A1A3E /* SecureStorage.swift */ = {isa = PBXFileReference; lastKnownFileType = sourcecode.swift; path = SecureStorage.swift; sourceTree = "<group>"; };
		1A1A1A611A1A1A61 /* SimpleNaviTests.xctest */ = {isa = PBXFileReference; explicitFileType = wrapper.cfbundle; includeInIndex = 0; path = SimpleNaviTests.xctest; sourceTree = BUILT_PRODUCTS_DIR; };
		1A1A1A631A1A1A63 /* SimpleNaviTests.swift */ = {isa = PBXFileReference; lastKnownFileType = sourcecode.swift; path = SimpleNaviTests.swift; sourceTree = "<group>"; };
		1E30B29A2E8FD79400F0F209 /* SimpleNavi.entitlements */ = {isa = PBXFileReference; lastKnownFileType = text.plist.entitlements; path = SimpleNavi.entitlements; sourceTree = "<group>"; };
		1E30B29B2E8FD83000F0F209 /* SimpleNaviDebug.entitlements */ = {isa = PBXFileReference; lastKnownFileType = text.plist.entitlements; path = SimpleNaviDebug.entitlements; sourceTree = "<group>"; };
		1E30B2A000000000000000A1 /* SharedDataStore.swift */ = {isa = PBXFileReference; lastKnownFileType = sourcecode.swift; path = SharedDataStore.swift; sourceTree = "<group>"; };
		1E30B2A02E8FE0BE00F0F209 /* SimpleNaviWidgetsExtension.appex */ = {isa = PBXFileReference; explicitFileType = "wrapper.app-extension"; includeInIndex = 0; path = SimpleNaviWidgetsExtension.appex; sourceTree = BUILT_PRODUCTS_DIR; };
		1E30B2A100000000000000A2 /* LiveActivityModels.swift */ = {isa = PBXFileReference; lastKnownFileType = sourcecode.swift; path = LiveActivityModels.swift; sourceTree = "<group>"; };
		1E30B2A200000000000000A3 /* LiveActivityManager.swift */ = {isa = PBXFileReference; lastKnownFileType = sourcecode.swift; path = LiveActivityManager.swift; sourceTree = "<group>"; };
		1E30B2A22E8FE0BE00F0F209 /* WidgetKit.framework */ = {isa = PBXFileReference; lastKnownFileType = wrapper.framework; name = WidgetKit.framework; path = System/Library/Frameworks/WidgetKit.framework; sourceTree = SDKROOT; };
		1E30B2A42E8FE0BE00F0F209 /* SwiftUI.framework */ = {isa = PBXFileReference; lastKnownFileType = wrapper.framework; name = SwiftUI.framework; path = System/Library/Frameworks/SwiftUI.framework; sourceTree = SDKROOT; };
		1E30B2BC2E8FE12700F0F209 /* SimpleNaviWidgetsExtensionDebug.entitlements */ = {isa = PBXFileReference; lastKnownFileType = text.plist.entitlements; path = SimpleNaviWidgetsExtensionDebug.entitlements; sourceTree = "<group>"; };
/* End PBXFileReference section */

/* Begin PBXFileSystemSynchronizedBuildFileExceptionSet section */
		1E30B2BA2E8FE0BF00F0F209 /* PBXFileSystemSynchronizedBuildFileExceptionSet */ = {
			isa = PBXFileSystemSynchronizedBuildFileExceptionSet;
			membershipExceptions = (
				Info.plist,
			);
			target = 1E30B29F2E8FE0BE00F0F209 /* SimpleNaviWidgetsExtension */;
		};
/* End PBXFileSystemSynchronizedBuildFileExceptionSet section */

/* Begin PBXFileSystemSynchronizedRootGroup section */
		1E30B2A62E8FE0BE00F0F209 /* SimpleNaviWidgets */ = {isa = PBXFileSystemSynchronizedRootGroup; exceptions = (1E30B2BA2E8FE0BF00F0F209 /* PBXFileSystemSynchronizedBuildFileExceptionSet */, ); explicitFileTypes = {}; explicitFolders = (); path = SimpleNaviWidgets; sourceTree = "<group>"; };
/* End PBXFileSystemSynchronizedRootGroup section */

/* Begin PBXFrameworksBuildPhase section */
		1A1A1A131A1A1A13 /* Frameworks */ = {
			isa = PBXFrameworksBuildPhase;
			buildActionMask = 2147483647;
			files = (
			);
			runOnlyForDeploymentPostprocessing = 0;
		};
		1A1A1A661A1A1A66 /* Frameworks */ = {
			isa = PBXFrameworksBuildPhase;
			buildActionMask = 2147483647;
			files = (
			);
			runOnlyForDeploymentPostprocessing = 0;
		};
		1E30B29D2E8FE0BE00F0F209 /* Frameworks */ = {
			isa = PBXFrameworksBuildPhase;
			buildActionMask = 2147483647;
			files = (
				1E30B2A52E8FE0BE00F0F209 /* SwiftUI.framework in Frameworks */,
				1E30B2A32E8FE0BE00F0F209 /* WidgetKit.framework in Frameworks */,
			);
			runOnlyForDeploymentPostprocessing = 0;
		};
/* End PBXFrameworksBuildPhase section */

/* Begin PBXGroup section */
		1A1A1A0D1A1A1A0D = {
			isa = PBXGroup;
			children = (
				1E30B2BC2E8FE12700F0F209 /* SimpleNaviWidgetsExtensionDebug.entitlements */,
				1A1A1A181A1A1A18 /* SimpleNavi */,
				1E30B2A62E8FE0BE00F0F209 /* SimpleNaviWidgets */,
				1E30B2A12E8FE0BE00F0F209 /* Frameworks */,
				1A1A1A171A1A1A17 /* Products */,
				1E30B2992E8FCB2600F0F209 /* Recovered References */,
			);
			sourceTree = "<group>";
		};
		1A1A1A171A1A1A17 /* Products */ = {
			isa = PBXGroup;
			children = (
				1A1A1A161A1A1A16 /* SimpleNavi.app */,
				1A1A1A611A1A1A61 /* SimpleNaviTests.xctest */,
				1E30B2A02E8FE0BE00F0F209 /* SimpleNaviWidgetsExtension.appex */,
			);
			name = Products;
			sourceTree = "<group>";
		};
		1A1A1A181A1A1A18 /* SimpleNavi */ = {
			isa = PBXGroup;
			children = (
				1E30B29B2E8FD83000F0F209 /* SimpleNaviDebug.entitlements */,
				1E30B29A2E8FD79400F0F209 /* SimpleNavi.entitlements */,
				1A1A1A331A1A1A33 /* Info.plist */,
				1A1A1A191A1A1A19 /* SimpleNaviApp.swift */,
				1A1A1A1B1A1A1A1B /* ContentView.swift */,
				1A1A1A271A1A1A27 /* SetupView.swift */,
				1A1A1A311A1A1A31 /* SetupViewSimple.swift */,
				1A1A1A291A1A1A29 /* CompassView.swift */,
				1E30B2A000000000000000A1 /* SharedDataStore.swift */,
				1E30B2A100000000000000A2 /* LiveActivityModels.swift */,
				1E30B2A200000000000000A3 /* LiveActivityManager.swift */,
				1A1A1A2B1A1A1A2B /* GeocodingService.swift */,
				1A1A1A2D1A1A1A2D /* JapaneseAddressManager.swift */,
				1A1A1A2F1A1A1A2F /* AddressMapConfirmView.swift */,
				1A1A1A331A1A1A35 /* LocalizationManager.swift */,
				1A1A1A351A1A1A37 /* LanguageSelectionView.swift */,
				1A1A1A371A1A1A39 /* DonationView.swift */,
				1A1A1A3B1A1A1A3B /* Coordinates.swift */,
				1A1A1A3D1A1A1A3D /* UserDefaultsKeys.swift */,
				1A1A1A3E1A1A1A3E /* SecureStorage.swift */,
				1A1A1A1D1A1A1A1D /* Assets.xcassets */,
				1A1A1A1F1A1A1A1F /* Preview Content */,
			);
			path = SimpleNavi;
			sourceTree = "<group>";
		};
		1A1A1A1F1A1A1A1F /* Preview Content */ = {
			isa = PBXGroup;
			children = (
				1A1A1A201A1A1A20 /* Preview Assets.xcassets */,
			);
			path = "Preview Content";
			sourceTree = "<group>";
		};
		1E30B2992E8FCB2600F0F209 /* Recovered References */ = {
			isa = PBXGroup;
			children = (
				1A1A1A631A1A1A63 /* SimpleNaviTests.swift */,
			);
			name = "Recovered References";
			sourceTree = "<group>";
		};
		1E30B2A12E8FE0BE00F0F209 /* Frameworks */ = {
			isa = PBXGroup;
			children = (
				1E30B2A22E8FE0BE00F0F209 /* WidgetKit.framework */,
				1E30B2A42E8FE0BE00F0F209 /* SwiftUI.framework */,
			);
			name = Frameworks;
			sourceTree = "<group>";
		};
/* End PBXGroup section */

/* Begin PBXNativeTarget section */
		1A1A1A151A1A1A15 /* SimpleNavi */ = {
			isa = PBXNativeTarget;
			buildConfigurationList = 1A1A1A241A1A1A24 /* Build configuration list for PBXNativeTarget "SimpleNavi" */;
			buildPhases = (
				1A1A1A121A1A1A12 /* Sources */,
				1A1A1A131A1A1A13 /* Frameworks */,
				1A1A1A141A1A1A14 /* Resources */,
				1E30B2B72E8FE0BF00F0F209 /* Embed Foundation Extensions */,
			);
			buildRules = (
			);
			dependencies = (
				1E30B2B52E8FE0BF00F0F209 /* PBXTargetDependency */,
			);
			name = SimpleNavi;
			productName = SimpleNavi;
			productReference = 1A1A1A161A1A1A16 /* SimpleNavi.app */;
			productType = "com.apple.product-type.application";
		};
		1A1A1A601A1A1A60 /* SimpleNaviTests */ = {
			isa = PBXNativeTarget;
			buildConfigurationList = 1A1A1A6F1A1A1A6F /* Build configuration list for PBXNativeTarget "SimpleNaviTests" */;
			buildPhases = (
				1A1A1A651A1A1A65 /* Sources */,
				1A1A1A661A1A1A66 /* Frameworks */,
				1A1A1A6C1A1A1A6C /* Resources */,
			);
			buildRules = (
			);
			dependencies = (
				1A1A1A681A1A1A68 /* PBXTargetDependency */,
			);
			name = SimpleNaviTests;
			productName = SimpleNaviTests;
			productReference = 1A1A1A611A1A1A61 /* SimpleNaviTests.xctest */;
			productType = "com.apple.product-type.bundle.unit-test";
		};
		1E30B29F2E8FE0BE00F0F209 /* SimpleNaviWidgetsExtension */ = {
			isa = PBXNativeTarget;
			buildConfigurationList = 1E30B2BB2E8FE0BF00F0F209 /* Build configuration list for PBXNativeTarget "SimpleNaviWidgetsExtension" */;
			buildPhases = (
				1E30B29C2E8FE0BE00F0F209 /* Sources */,
				1E30B29D2E8FE0BE00F0F209 /* Frameworks */,
				1E30B29E2E8FE0BE00F0F209 /* Resources */,
			);
			buildRules = (
			);
			dependencies = (
			);
			fileSystemSynchronizedGroups = (
				1E30B2A62E8FE0BE00F0F209 /* SimpleNaviWidgets */,
			);
			name = SimpleNaviWidgetsExtension;
			packageProductDependencies = (
			);
			productName = SimpleNaviWidgetsExtension;
			productReference = 1E30B2A02E8FE0BE00F0F209 /* SimpleNaviWidgetsExtension.appex */;
			productType = "com.apple.product-type.app-extension";
		};
/* End PBXNativeTarget section */

/* Begin PBXProject section */
		1A1A1A0E1A1A1A0E /* Project object */ = {
			isa = PBXProject;
			attributes = {
				BuildIndependentTargetsInParallel = 1;
				LastSwiftUpdateCheck = 2600;
				LastUpgradeCheck = 1540;
				TargetAttributes = {
					1A1A1A151A1A1A15 = {
						CreatedOnToolsVersion = 15.4;
					};
					1E30B29F2E8FE0BE00F0F209 = {
						CreatedOnToolsVersion = 26.0.1;
					};
				};
			};
			buildConfigurationList = 1A1A1A111A1A1A11 /* Build configuration list for PBXProject "SimpleNavi" */;
			compatibilityVersion = "Xcode 14.0";
			developmentRegion = en;
			hasScannedForEncodings = 0;
			knownRegions = (
				en,
				ja,
				"zh-Hans",
				Base,
			);
			mainGroup = 1A1A1A0D1A1A1A0D;
			productRefGroup = 1A1A1A171A1A1A17 /* Products */;
			projectDirPath = "";
			projectRoot = "";
			targets = (
				1A1A1A151A1A1A15 /* SimpleNavi */,
				1A1A1A601A1A1A60 /* SimpleNaviTests */,
				1E30B29F2E8FE0BE00F0F209 /* SimpleNaviWidgetsExtension */,
			);
		};
/* End PBXProject section */

/* Begin PBXResourcesBuildPhase section */
		1A1A1A141A1A1A14 /* Resources */ = {
			isa = PBXResourcesBuildPhase;
			buildActionMask = 2147483647;
			files = (
				1A1A1A211A1A1A21 /* Preview Assets.xcassets in Resources */,
				1A1A1A1E1A1A1A1E /* Assets.xcassets in Resources */,
			);
			runOnlyForDeploymentPostprocessing = 0;
		};
		1A1A1A6C1A1A1A6C /* Resources */ = {
			isa = PBXResourcesBuildPhase;
			buildActionMask = 2147483647;
			files = (
			);
			runOnlyForDeploymentPostprocessing = 0;
		};
		1E30B29E2E8FE0BE00F0F209 /* Resources */ = {
			isa = PBXResourcesBuildPhase;
			buildActionMask = 2147483647;
			files = (
			);
			runOnlyForDeploymentPostprocessing = 0;
		};
/* End PBXResourcesBuildPhase section */

/* Begin PBXSourcesBuildPhase section */
		1A1A1A121A1A1A12 /* Sources */ = {
			isa = PBXSourcesBuildPhase;
			buildActionMask = 2147483647;
			files = (
				1A1A1A1C1A1A1A1C /* ContentView.swift in Sources */,
				1A1A1A281A1A1A28 /* SetupView.swift in Sources */,
				1A1A1A3A1A1A1A3A /* Coordinates.swift in Sources */,
				1A1A1A3C1A1A1A3C /* UserDefaultsKeys.swift in Sources */,
				1A1A1A2A1A1A1A2A /* CompassView.swift in Sources */,
				1A1A1A2C1A1A1A2C /* GeocodingService.swift in Sources */,
				1A1A1A2E1A1A1A2E /* JapaneseAddressManager.swift in Sources */,
				1A1A1A301A1A1A30 /* AddressMapConfirmView.swift in Sources */,
				1A1A1A321A1A1A32 /* SetupViewSimple.swift in Sources */,
				1A1A1A341A1A1A34 /* LocalizationManager.swift in Sources */,
				1A1A1A361A1A1A36 /* LanguageSelectionView.swift in Sources */,
				1A1A1A381A1A1A38 /* DonationView.swift in Sources */,
				1A1A1A1A1A1A1A1A /* SimpleNaviApp.swift in Sources */,
				1A1A1A401A1A1A40 /* SecureStorage.swift in Sources */,
				1E30B2A300000000000000B1 /* SharedDataStore.swift in Sources */,
				1E30B2A400000000000000B2 /* LiveActivityModels.swift in Sources */,
				1E30B2A500000000000000B3 /* LiveActivityManager.swift in Sources */,
			);
			runOnlyForDeploymentPostprocessing = 0;
		};
		1A1A1A651A1A1A65 /* Sources */ = {
			isa = PBXSourcesBuildPhase;
			buildActionMask = 2147483647;
			files = (
				1A1A1A641A1A1A64 /* SimpleNaviTests.swift in Sources */,
			);
			runOnlyForDeploymentPostprocessing = 0;
		};
		1E30B29C2E8FE0BE00F0F209 /* Sources */ = {
			isa = PBXSourcesBuildPhase;
			buildActionMask = 2147483647;
			files = (
				1E30B2CB2E8FE28000F0F209 /* LiveActivityModels.swift in Sources */,
				1E30B2CC2E8FE29700F0F209 /* LiveActivityManager.swift in Sources */,
			);
			runOnlyForDeploymentPostprocessing = 0;
		};
/* End PBXSourcesBuildPhase section */

/* Begin PBXTargetDependency section */
		1A1A1A681A1A1A68 /* PBXTargetDependency */ = {
			isa = PBXTargetDependency;
			name = SimpleNavi;
			target = 1A1A1A151A1A1A15 /* SimpleNavi */;
			targetProxy = 1A1A1A691A1A1A69 /* PBXContainerItemProxy */;
		};
		1E30B2B52E8FE0BF00F0F209 /* PBXTargetDependency */ = {
			isa = PBXTargetDependency;
			target = 1E30B29F2E8FE0BE00F0F209 /* SimpleNaviWidgetsExtension */;
			targetProxy = 1E30B2B42E8FE0BF00F0F209 /* PBXContainerItemProxy */;
		};
/* End PBXTargetDependency section */

/* Begin XCBuildConfiguration section */
		1A1A1A221A1A1A22 /* Debug */ = {
			isa = XCBuildConfiguration;
			buildSettings = {
				ALWAYS_SEARCH_USER_PATHS = NO;
				ASSETCATALOG_COMPILER_GENERATE_SWIFT_ASSET_SYMBOL_EXTENSIONS = YES;
				CLANG_ANALYZER_NONNULL = YES;
				CLANG_ANALYZER_NUMBER_OBJECT_CONVERSION = YES_AGGRESSIVE;
				CLANG_CXX_LANGUAGE_STANDARD = "gnu++20";
				CLANG_ENABLE_MODULES = YES;
				CLANG_ENABLE_OBJC_ARC = YES;
				CLANG_ENABLE_OBJC_WEAK = YES;
				CLANG_WARN_BLOCK_CAPTURE_AUTORELEASING = YES;
				CLANG_WARN_BOOL_CONVERSION = YES;
				CLANG_WARN_COMMA = YES;
				CLANG_WARN_CONSTANT_CONVERSION = YES;
				CLANG_WARN_DEPRECATED_OBJC_IMPLEMENTATIONS = YES;
				CLANG_WARN_DIRECT_OBJC_ISA_USAGE = YES_ERROR;
				CLANG_WARN_DOCUMENTATION_COMMENTS = YES;
				CLANG_WARN_EMPTY_BODY = YES;
				CLANG_WARN_ENUM_CONVERSION = YES;
				CLANG_WARN_INFINITE_RECURSION = YES;
				CLANG_WARN_INT_CONVERSION = YES;
				CLANG_WARN_NON_LITERAL_NULL_CONVERSION = YES;
				CLANG_WARN_OBJC_IMPLICIT_RETAIN_SELF = YES;
				CLANG_WARN_OBJC_LITERAL_CONVERSION = YES;
				CLANG_WARN_OBJC_ROOT_CLASS = YES_ERROR;
				CLANG_WARN_QUOTED_INCLUDE_IN_FRAMEWORK_HEADER = YES;
				CLANG_WARN_RANGE_LOOP_ANALYSIS = YES;
				CLANG_WARN_STRICT_PROTOTYPES = YES;
				CLANG_WARN_SUSPICIOUS_MOVE = YES;
				CLANG_WARN_UNGUARDED_AVAILABILITY = YES_AGGRESSIVE;
				CLANG_WARN_UNREACHABLE_CODE = YES;
				CLANG_WARN__DUPLICATE_METHOD_MATCH = YES;
				COPY_PHASE_STRIP = NO;
				DEBUG_INFORMATION_FORMAT = dwarf;
				ENABLE_STRICT_OBJC_MSGSEND = YES;
				ENABLE_TESTABILITY = YES;
				ENABLE_USER_SCRIPT_SANDBOXING = YES;
				GCC_C_LANGUAGE_STANDARD = gnu17;
				GCC_DYNAMIC_NO_PIC = NO;
				GCC_NO_COMMON_BLOCKS = YES;
				GCC_OPTIMIZATION_LEVEL = 0;
				GCC_PREPROCESSOR_DEFINITIONS = (
					"DEBUG=1",
					"$(inherited)",
				);
				GCC_WARN_64_TO_32_BIT_CONVERSION = YES;
				GCC_WARN_ABOUT_RETURN_TYPE = YES_ERROR;
				GCC_WARN_UNDECLARED_SELECTOR = YES;
				GCC_WARN_UNINITIALIZED_AUTOS = YES_AGGRESSIVE;
				GCC_WARN_UNUSED_FUNCTION = YES;
				GCC_WARN_UNUSED_VARIABLE = YES;
				IPHONEOS_DEPLOYMENT_TARGET = 15.0;
				LOCALIZATION_PREFERS_STRING_CATALOGS = YES;
				MTL_ENABLE_DEBUG_INFO = INCLUDE_SOURCE;
				MTL_FAST_MATH = YES;
				ONLY_ACTIVE_ARCH = YES;
				SDKROOT = iphoneos;
				SWIFT_ACTIVE_COMPILATION_CONDITIONS = "DEBUG $(inherited)";
				SWIFT_OPTIMIZATION_LEVEL = "-Onone";
			};
			name = Debug;
		};
		1A1A1A231A1A1A23 /* Release */ = {
			isa = XCBuildConfiguration;
			buildSettings = {
				ALWAYS_SEARCH_USER_PATHS = NO;
				ASSETCATALOG_COMPILER_GENERATE_SWIFT_ASSET_SYMBOL_EXTENSIONS = YES;
				CLANG_ANALYZER_NONNULL = YES;
				CLANG_ANALYZER_NUMBER_OBJECT_CONVERSION = YES_AGGRESSIVE;
				CLANG_CXX_LANGUAGE_STANDARD = "gnu++20";
				CLANG_ENABLE_MODULES = YES;
				CLANG_ENABLE_OBJC_ARC = YES;
				CLANG_ENABLE_OBJC_WEAK = YES;
				CLANG_WARN_BLOCK_CAPTURE_AUTORELEASING = YES;
				CLANG_WARN_BOOL_CONVERSION = YES;
				CLANG_WARN_COMMA = YES;
				CLANG_WARN_CONSTANT_CONVERSION = YES;
				CLANG_WARN_DEPRECATED_OBJC_IMPLEMENTATIONS = YES;
				CLANG_WARN_DIRECT_OBJC_ISA_USAGE = YES_ERROR;
				CLANG_WARN_DOCUMENTATION_COMMENTS = YES;
				CLANG_WARN_EMPTY_BODY = YES;
				CLANG_WARN_ENUM_CONVERSION = YES;
				CLANG_WARN_INFINITE_RECURSION = YES;
				CLANG_WARN_INT_CONVERSION = YES;
				CLANG_WARN_NON_LITERAL_NULL_CONVERSION = YES;
				CLANG_WARN_OBJC_IMPLICIT_RETAIN_SELF = YES;
				CLANG_WARN_OBJC_LITERAL_CONVERSION = YES;
				CLANG_WARN_OBJC_ROOT_CLASS = YES_ERROR;
				CLANG_WARN_QUOTED_INCLUDE_IN_FRAMEWORK_HEADER = YES;
				CLANG_WARN_RANGE_LOOP_ANALYSIS = YES;
				CLANG_WARN_STRICT_PROTOTYPES = YES;
				CLANG_WARN_SUSPICIOUS_MOVE = YES;
				CLANG_WARN_UNGUARDED_AVAILABILITY = YES_AGGRESSIVE;
				CLANG_WARN_UNREACHABLE_CODE = YES;
				CLANG_WARN__DUPLICATE_METHOD_MATCH = YES;
				COPY_PHASE_STRIP = NO;
				DEBUG_INFORMATION_FORMAT = "dwarf-with-dsym";
				ENABLE_NS_ASSERTIONS = NO;
				ENABLE_STRICT_OBJC_MSGSEND = YES;
				ENABLE_USER_SCRIPT_SANDBOXING = YES;
				GCC_C_LANGUAGE_STANDARD = gnu17;
				GCC_NO_COMMON_BLOCKS = YES;
				GCC_WARN_64_TO_32_BIT_CONVERSION = YES;
				GCC_WARN_ABOUT_RETURN_TYPE = YES_ERROR;
				GCC_WARN_UNDECLARED_SELECTOR = YES;
				GCC_WARN_UNINITIALIZED_AUTOS = YES_AGGRESSIVE;
				GCC_WARN_UNUSED_FUNCTION = YES;
				GCC_WARN_UNUSED_VARIABLE = YES;
				IPHONEOS_DEPLOYMENT_TARGET = 15.0;
				LOCALIZATION_PREFERS_STRING_CATALOGS = YES;
				MTL_ENABLE_DEBUG_INFO = NO;
				MTL_FAST_MATH = YES;
				SDKROOT = iphoneos;
				SWIFT_COMPILATION_MODE = wholemodule;
				VALIDATE_PRODUCT = YES;
			};
			name = Release;
		};
		1A1A1A251A1A1A25 /* Debug */ = {
			isa = XCBuildConfiguration;
			buildSettings = {
				ASSETCATALOG_COMPILER_APPICON_NAME = AppIcon;
				ASSETCATALOG_COMPILER_GLOBAL_ACCENT_COLOR_NAME = AccentColor;
				CODE_SIGN_ENTITLEMENTS = SimpleNavi/SimpleNavi.entitlements;
				CODE_SIGN_STYLE = Automatic;
				CURRENT_PROJECT_VERSION = 10;
				DEVELOPMENT_ASSET_PATHS = "\"SimpleNavi/Preview Content\"";
				DEVELOPMENT_TEAM = K2ZG73WM9X;
				ENABLE_PREVIEWS = YES;
				GENERATE_INFOPLIST_FILE = YES;
				INFOPLIST_FILE = SimpleNavi/Info.plist;
				INFOPLIST_KEY_CFBundleDisplayName = "Simple Navigation";
				INFOPLIST_KEY_LSApplicationCategoryType = "public.app-category.navigation";
				INFOPLIST_KEY_NSLocationAlwaysAndWhenInUseUsageDescription = "简单导航需要获取您的位置来显示回家的方向和距离";
				INFOPLIST_KEY_NSLocationWhenInUseUsageDescription = "简单导航需要获取您的位置来显示回家的方向和距离";
				INFOPLIST_KEY_UIApplicationSceneManifest_Generation = YES;
				INFOPLIST_KEY_UIApplicationSupportsIndirectInputEvents = YES;
				INFOPLIST_KEY_UISupportedInterfaceOrientations = UIInterfaceOrientationPortrait;
				INFOPLIST_KEY_UISupportedInterfaceOrientations_iPad = "UIInterfaceOrientationPortrait UIInterfaceOrientationPortraitUpsideDown UIInterfaceOrientationLandscapeLeft UIInterfaceOrientationLandscapeRight";
				INFOPLIST_KEY_UISupportedInterfaceOrientations_iPhone = "UIInterfaceOrientationPortrait UIInterfaceOrientationLandscapeLeft UIInterfaceOrientationLandscapeRight";
				LD_RUNPATH_SEARCH_PATHS = (
					"$(inherited)",
					"@executable_path/Frameworks",
				);
				MARKETING_VERSION = 1.2.1;
				PRODUCT_BUNDLE_IDENTIFIER = com.simplenavi.simplenavi;
				PRODUCT_NAME = "$(TARGET_NAME)";
				SWIFT_EMIT_LOC_STRINGS = YES;
				SWIFT_VERSION = 5.0;
				TARGETED_DEVICE_FAMILY = 1;
			};
			name = Debug;
		};
		1A1A1A261A1A1A26 /* Release */ = {
			isa = XCBuildConfiguration;
			buildSettings = {
				ASSETCATALOG_COMPILER_APPICON_NAME = AppIcon;
				ASSETCATALOG_COMPILER_GLOBAL_ACCENT_COLOR_NAME = AccentColor;
				CODE_SIGN_ENTITLEMENTS = SimpleNavi/SimpleNavi.entitlements;
				CODE_SIGN_STYLE = Automatic;
				CURRENT_PROJECT_VERSION = 10;
				DEVELOPMENT_ASSET_PATHS = "\"SimpleNavi/Preview Content\"";
				DEVELOPMENT_TEAM = K2ZG73WM9X;
				ENABLE_PREVIEWS = YES;
				GENERATE_INFOPLIST_FILE = YES;
				INFOPLIST_FILE = SimpleNavi/Info.plist;
				INFOPLIST_KEY_CFBundleDisplayName = "Simple Navigation";
				INFOPLIST_KEY_LSApplicationCategoryType = "public.app-category.navigation";
				INFOPLIST_KEY_NSLocationAlwaysAndWhenInUseUsageDescription = "简单导航需要获取您的位置来显示回家的方向和距离";
				INFOPLIST_KEY_NSLocationWhenInUseUsageDescription = "简单导航需要获取您的位置来显示回家的方向和距离";
				INFOPLIST_KEY_UIApplicationSceneManifest_Generation = YES;
				INFOPLIST_KEY_UIApplicationSupportsIndirectInputEvents = YES;
				INFOPLIST_KEY_UISupportedInterfaceOrientations = UIInterfaceOrientationPortrait;
				INFOPLIST_KEY_UISupportedInterfaceOrientations_iPad = "UIInterfaceOrientationPortrait UIInterfaceOrientationPortraitUpsideDown UIInterfaceOrientationLandscapeLeft UIInterfaceOrientationLandscapeRight";
				INFOPLIST_KEY_UISupportedInterfaceOrientations_iPhone = "UIInterfaceOrientationPortrait UIInterfaceOrientationLandscapeLeft UIInterfaceOrientationLandscapeRight";
				LD_RUNPATH_SEARCH_PATHS = (
					"$(inherited)",
					"@executable_path/Frameworks",
				);
				MARKETING_VERSION = 1.2;
				PRODUCT_BUNDLE_IDENTIFIER = com.simplenavi.simplenavi;
				PRODUCT_NAME = "$(TARGET_NAME)";
				SWIFT_EMIT_LOC_STRINGS = YES;
				SWIFT_VERSION = 5.0;
				TARGETED_DEVICE_FAMILY = 1;
			};
			name = Release;
		};
		1A1A1A6D1A1A1A6D /* Debug */ = {
			isa = XCBuildConfiguration;
			buildSettings = {
				ALWAYS_EMBED_SWIFT_STANDARD_LIBRARIES = YES;
				CODE_SIGN_STYLE = Automatic;
				GENERATE_INFOPLIST_FILE = YES;
				INFOPLIST_KEY_CFBundleDisplayName = SimpleNaviTests;
				IPHONEOS_DEPLOYMENT_TARGET = 15.0;
				LD_RUNPATH_SEARCH_PATHS = (
					"$(inherited)",
					"@executable_path/Frameworks",
					"@loader_path/Frameworks",
				);
				PRODUCT_BUNDLE_IDENTIFIER = com.simplenavi.simplenaviTests;
				PRODUCT_NAME = "$(TARGET_NAME)";
				SWIFT_VERSION = 5.0;
				TESTHost = "";
			};
			name = Debug;
		};
		1A1A1A6E1A1A1A6E /* Release */ = {
			isa = XCBuildConfiguration;
			buildSettings = {
				ALWAYS_EMBED_SWIFT_STANDARD_LIBRARIES = YES;
				CODE_SIGN_STYLE = Automatic;
				GENERATE_INFOPLIST_FILE = YES;
				INFOPLIST_KEY_CFBundleDisplayName = SimpleNaviTests;
				IPHONEOS_DEPLOYMENT_TARGET = 15.0;
				LD_RUNPATH_SEARCH_PATHS = (
					"$(inherited)",
					"@executable_path/Frameworks",
					"@loader_path/Frameworks",
				);
				PRODUCT_BUNDLE_IDENTIFIER = com.simplenavi.simplenaviTests;
				PRODUCT_NAME = "$(TARGET_NAME)";
				SWIFT_VERSION = 5.0;
				TESTHost = "";
			};
			name = Release;
		};
		1E30B2B82E8FE0BF00F0F209 /* Debug */ = {
			isa = XCBuildConfiguration;
			buildSettings = {
				ASSETCATALOG_COMPILER_GLOBAL_ACCENT_COLOR_NAME = AccentColor;
				ASSETCATALOG_COMPILER_WIDGET_BACKGROUND_COLOR_NAME = WidgetBackground;
				CODE_SIGN_ENTITLEMENTS = SimpleNaviWidgetsExtensionDebug.entitlements;
				CODE_SIGN_STYLE = Automatic;
				CURRENT_PROJECT_VERSION = 10;
				DEVELOPMENT_TEAM = K2ZG73WM9X;
				GENERATE_INFOPLIST_FILE = YES;
				INFOPLIST_FILE = SimpleNaviWidgets/Info.plist;
				INFOPLIST_KEY_CFBundleDisplayName = SimpleNaviWidgets;
				INFOPLIST_KEY_NSHUMANReadableCopyright = "";
				IPHONEOS_DEPLOYMENT_TARGET = 16.1;
				LD_RUNPATH_SEARCH_PATHS = (
					"$(inherited)",
					"@executable_path/Frameworks",
					"@executable_path/../../Frameworks",
				);
				MARKETING_VERSION = 1.2;
				PRODUCT_BUNDLE_IDENTIFIER = com.simplenavi.simplenavi.SimpleNaviWidgets;
				PRODUCT_NAME = "$(TARGET_NAME)";
				SKIP_INSTALL = YES;
				STRING_CATALOG_GENERATE_SYMBOLS = YES;
				SWIFT_APPROACHABLE_CONCURRENCY = YES;
				SWIFT_UPCOMING_FEATURE_MEMBER_IMPORT_VISIBILITY = YES;
				SWIFT_VERSION = 5.0;
				TARGETED_DEVICE_FAMILY = "1,2";
			};
			name = Debug;
		};
		1E30B2B92E8FE0BF00F0F209 /* Release */ = {
			isa = XCBuildConfiguration;
			buildSettings = {
				ASSETCATALOG_COMPILER_GLOBAL_ACCENT_COLOR_NAME = AccentColor;
				ASSETCATALOG_COMPILER_WIDGET_BACKGROUND_COLOR_NAME = WidgetBackground;
				CODE_SIGN_STYLE = Automatic;
				CURRENT_PROJECT_VERSION = 10;
				DEVELOPMENT_TEAM = K2ZG73WM9X;
				GENERATE_INFOPLIST_FILE = YES;
				INFOPLIST_FILE = SimpleNaviWidgets/Info.plist;
				INFOPLIST_KEY_CFBundleDisplayName = SimpleNaviWidgets;
				IPHONEOS_DEPLOYMENT_TARGET = 16.1;
				LD_RUNPATH_SEARCH_PATHS = (
					"$(inherited)",
					"@executable_path/Frameworks",
					"@executable_path/../../Frameworks",
				);
				MARKETING_VERSION = 1.2;
				PRODUCT_BUNDLE_IDENTIFIER = com.simplenavi.simplenavi.SimpleNaviWidgets;
				PRODUCT_NAME = "$(TARGET_NAME)";
				SKIP_INSTALL = YES;
				STRING_CATALOG_GENERATE_SYMBOLS = YES;
				SWIFT_APPROACHABLE_CONCURRENCY = YES;
				SWIFT_UPCOMING_FEATURE_MEMBER_IMPORT_VISIBILITY = YES;
				SWIFT_VERSION = 5.0;
				TARGETED_DEVICE_FAMILY = "1,2";
			};
			name = Release;
		};
/* End XCBuildConfiguration section */

/* Begin XCConfigurationList section */
		1A1A1A111A1A1A11 /* Build configuration list for PBXProject "SimpleNavi" */ = {
			isa = XCConfigurationList;
			buildConfigurations = (
				1A1A1A221A1A1A22 /* Debug */,
				1A1A1A231A1A1A23 /* Release */,
			);
			defaultConfigurationIsVisible = 0;
			defaultConfigurationName = Release;
		};
		1A1A1A241A1A1A24 /* Build configuration list for PBXNativeTarget "SimpleNavi" */ = {
			isa = XCConfigurationList;
			buildConfigurations = (
				1A1A1A251A1A1A25 /* Debug */,
				1A1A1A261A1A1A26 /* Release */,
			);
			defaultConfigurationIsVisible = 0;
			defaultConfigurationName = Release;
		};
		1A1A1A6F1A1A1A6F /* Build configuration list for PBXNativeTarget "SimpleNaviTests" */ = {
			isa = XCConfigurationList;
			buildConfigurations = (
				1A1A1A6D1A1A1A6D /* Debug */,
				1A1A1A6E1A1A1A6E /* Release */,
			);
			defaultConfigurationIsVisible = 0;
			defaultConfigurationName = Release;
		};
		1E30B2BB2E8FE0BF00F0F209 /* Build configuration list for PBXNativeTarget "SimpleNaviWidgetsExtension" */ = {
			isa = XCConfigurationList;
			buildConfigurations = (
				1E30B2B82E8FE0BF00F0F209 /* Debug */,
				1E30B2B92E8FE0BF00F0F209 /* Release */,
			);
			defaultConfigurationIsVisible = 0;
			defaultConfigurationName = Release;
		};
/* End XCConfigurationList section */
	};
	rootObject = 1A1A1A0E1A1A1A0E /* Project object */;
}
